
Microsoft Visual Studio Solution File, Format Version 12.00
# Visual Studio 14
VisualStudioVersion = 14.0.25420.1
MinimumVisualStudioVersion = 10.0.40219.1
Project("{FAE04EC0-301F-11D3-BF4B-00C04F79EFBC}") = "MLS_Gen_PC", "MLS_Gen_PC\MLS_Gen_PC.csproj", "{89E1F781-24E6-4510-B426-233ABEF59020}"
EndProject
Project("{FAE04EC0-301F-11D3-BF4B-00C04F79EFBC}") = "FFTWSharp", "FFTWSharp\FFTWSharp.csproj", "{43B9D5B0-CD96-4B29-AD33-EA8EB74BF455}"
EndProject
Project("{FAE04EC0-301F-11D3-BF4B-00C04F79EFBC}") = "DistributionOfStruct", "DistributionOfStruct\DistributionOfStruct.csproj", "{3542FEBC-1546-4551-9B63-7C2DF5A57357}"
EndProject
Project("{FAE04EC0-301F-11D3-BF4B-00C04F79EFBC}") = "TestChart", "TestChart\TestChart.csproj", "{287AB0D0-7FC6-4F7D-87AD-C250A382922E}"
EndProject
Global
	GlobalSection(SolutionConfigurationPlatforms) = preSolution
		Debug|Any CPU = Debug|Any CPU
		Release|Any CPU = Release|Any CPU
	EndGlobalSection
	GlobalSection(ProjectConfigurationPlatforms) = postSolution
		{89E1F781-24E6-4510-B426-233ABEF59020}.Debug|Any CPU.ActiveCfg = Debug|Any CPU
		{89E1F781-24E6-4510-B426-233ABEF59020}.Debug|Any CPU.Build.0 = Debug|Any CPU
		{89E1F781-24E6-4510-B426-233ABEF59020}.Release|Any CPU.ActiveCfg = Release|Any CPU
		{89E1F781-24E6-4510-B426-233ABEF59020}.Release|Any CPU.Build.0 = Release|Any CPU
		{43B9D5B0-CD96-4B29-AD33-EA8EB74BF455}.Debug|Any CPU.ActiveCfg = Debug|Any CPU
		{43B9D5B0-CD96-4B29-AD33-EA8EB74BF455}.Debug|Any CPU.Build.0 = Debug|Any CPU
		{43B9D5B0-CD96-4B29-AD33-EA8EB74BF455}.Release|Any CPU.ActiveCfg = Release|Any CPU
		{43B9D5B0-CD96-4B29-AD33-EA8EB74BF455}.Release|Any CPU.Build.0 = Release|Any CPU
		{3542FEBC-1546-4551-9B63-7C2DF5A57357}.Debug|Any CPU.ActiveCfg = Debug|Any CPU
		{3542FEBC-1546-4551-9B63-7C2DF5A57357}.Debug|Any CPU.Build.0 = Debug|Any CPU
		{3542FEBC-1546-4551-9B63-7C2DF5A57357}.Release|Any CPU.ActiveCfg = Release|Any CPU
		{3542FEBC-1546-4551-9B63-7C2DF5A57357}.Release|Any CPU.Build.0 = Release|Any CPU
		{287AB0D0-7FC6-4F7D-87AD-C250A382922E}.Debug|Any CPU.ActiveCfg = Debug|Any CPU
		{287AB0D0-7FC6-4F7D-87AD-C250A382922E}.Debug|Any CPU.Build.0 = Debug|Any CPU
		{287AB0D0-7FC6-4F7D-87AD-C250A382922E}.Release|Any CPU.ActiveCfg = Release|Any CPU
		{287AB0D0-7FC6-4F7D-87AD-C250A382922E}.Release|Any CPU.Build.0 = Release|Any CPU
	EndGlobalSection
	GlobalSection(SolutionProperties) = preSolution
		HideSolutionNode = FALSE
	EndGlobalSection
EndGlobal
